<?xml version="1.0" encoding="utf-8"?>
<Project ToolsVersion="4.0" xmlns="http://schemas.microsoft.com/developer/msbuild/2003">
  <ItemGroup>
    <Filter Include="소스 파일">
      <UniqueIdentifier>{4FC737F1-C7A5-4376-A066-2A32D752A2FF}</UniqueIdentifier>
      <Extensions>cpp;c;cc;cxx;def;odl;idl;hpj;bat;asm;asmx</Extensions>
    </Filter>
    <Filter Include="헤더 파일">
      <UniqueIdentifier>{93995380-89BD-4b04-88EB-625FBE52EBFB}</UniqueIdentifier>
      <Extensions>h;hh;hpp;hxx;hm;inl;inc;ipp;xsd</Extensions>
    </Filter>
    <Filter Include="리소스 파일">
      <UniqueIdentifier>{67DA6AB6-F800-4c08-8B7A-83BB121AAD01}</UniqueIdentifier>
      <Extensions>rc;ico;cur;bmp;dlg;rc2;rct;bin;rgs;gif;jpg;jpeg;jpe;resx;tiff;tif;png;wav;mfcribbon-ms</Extensions>
    </Filter>
    <Filter Include="소스 파일\Day01">
      <UniqueIdentifier>{129e06c5-a635-4162-8833-f08610cf3ffd}</UniqueIdentifier>
    </Filter>
    <Filter Include="소스 파일\Day02">
      <UniqueIdentifier>{3c54fbe5-aa1b-4b4d-93ac-1811c1e5d6f2}</UniqueIdentifier>
    </Filter>
    <Filter Include="소스 파일\Day03">
      <UniqueIdentifier>{8ce89ef6-fa50-41d6-bc44-96422fd93d60}</UniqueIdentifier>
    </Filter>
    <Filter Include="소스 파일\Day04">
      <UniqueIdentifier>{2eaa01e9-1c58-4020-9d9a-1ac9c61e9f88}</UniqueIdentifier>
    </Filter>
    <Filter Include="소스 파일\Day05">
      <UniqueIdentifier>{81d92b31-78a1-4c8e-8b06-5bf8f1855a95}</UniqueIdentifier>
    </Filter>
    <Filter Include="소스 파일\Day06">
      <UniqueIdentifier>{4b54d5cc-f893-49d9-8c27-18f134fdfbe3}</UniqueIdentifier>
    </Filter>
    <Filter Include="소스 파일\Day07">
      <UniqueIdentifier>{df614cef-aac3-4702-aa72-b1bdd0e3ac50}</UniqueIdentifier>
    </Filter>
    <Filter Include="소스 파일\Day08">
      <UniqueIdentifier>{78b17a2c-dba8-48b9-a18a-ba6c50aff151}</UniqueIdentifier>
    </Filter>
    <Filter Include="소스 파일\Day09">
      <UniqueIdentifier>{7c471226-c3a9-4803-ae5c-5cbc65f6a545}</UniqueIdentifier>
    </Filter>
    <Filter Include="소스 파일\Day10">
      <UniqueIdentifier>{3e88c194-5ad5-4985-a487-1c635795844d}</UniqueIdentifier>
    </Filter>
  </ItemGroup>
  <ItemGroup>
    <ClCompile Include="Day01_DefaultValue.cpp">
      <Filter>소스 파일\Day01</Filter>
    </ClCompile>
    <ClCompile Include="Day01_InlineFunc.cpp">
      <Filter>소스 파일\Day01</Filter>
    </ClCompile>
    <ClCompile Include="Day01_NameSp1.cpp">
      <Filter>소스 파일\Day01</Filter>
    </ClCompile>
    <ClCompile Include="Day01_NameSp2.cpp">
      <Filter>소스 파일\Day01</Filter>
    </ClCompile>
    <ClCompile Include="Day01_Namesp3.cpp">
      <Filter>소스 파일\Day01</Filter>
    </ClCompile>
    <ClCompile Include="Day01_UsingDcl1.cpp">
      <Filter>소스 파일\Day01</Filter>
    </ClCompile>
    <ClCompile Include="Day01_NameAlias.cpp">
      <Filter>소스 파일\Day01</Filter>
    </ClCompile>
    <ClCompile Include="Day03_RacingCarFuncAdd.cpp">
      <Filter>소스 파일\Day03</Filter>
    </ClCompile>
    <ClCompile Include="Day03_RacingCarEnum.cpp">
      <Filter>소스 파일\Day03</Filter>
    </ClCompile>
    <ClCompile Include="Day03_RacingCarOuterFunc.cpp">
      <Filter>소스 파일\Day03</Filter>
    </ClCompile>
    <ClCompile Include="Day03_CarInline.cpp">
      <Filter>소스 파일\Day03</Filter>
    </ClCompile>
    <ClCompile Include="Day03_RacingInlineMain.cpp">
      <Filter>소스 파일\Day03</Filter>
    </ClCompile>
    <ClCompile Include="Day03_constFunc.cpp">
      <Filter>소스 파일\Day04</Filter>
    </ClCompile>
    <ClCompile Include="Day03_Point.cpp">
      <Filter>소스 파일\Day04</Filter>
    </ClCompile>
    <ClCompile Include="Day03_Rectangle.cpp">
      <Filter>소스 파일\Day04</Filter>
    </ClCompile>
    <ClCompile Include="Day03_RectangleConstructor.cpp">
      <Filter>소스 파일\Day04</Filter>
    </ClCompile>
    <ClCompile Include="Day10_PowerfulCasting.cpp">
      <Filter>소스 파일\Day10</Filter>
    </ClCompile>
    <ClCompile Include="Day10_DynamicCasting.cpp">
      <Filter>소스 파일\Day10</Filter>
    </ClCompile>
    <ClCompile Include="Day10_CarTruck.cpp">
      <Filter>소스 파일\Day10</Filter>
    </ClCompile>
    <ClCompile Include="Day10_StaticCasting.cpp">
      <Filter>소스 파일\Day10</Filter>
    </ClCompile>
    <ClCompile Include="Day10_ConstCasting.cpp">
      <Filter>소스 파일\Day10</Filter>
    </ClCompile>
    <ClCompile Include="Day10_ReinterpretCasting.cpp">
      <Filter>소스 파일\Day10</Filter>
    </ClCompile>
    <ClCompile Include="Day10_PolymorphicDynamicCasting.cpp">
      <Filter>소스 파일\Day10</Filter>
    </ClCompile>
    <ClCompile Include="Day10_PolymorphicStableCasting.cpp">
      <Filter>소스 파일\Day10</Filter>
    </ClCompile>
    <ClCompile Include="Day10_DynamicBadCastRef.cpp">
      <Filter>소스 파일\Day10</Filter>
    </ClCompile>
  </ItemGroup>
  <ItemGroup>
    <ClInclude Include="Day03_CarInline.h">
      <Filter>소스 파일\Day03</Filter>
    </ClInclude>
    <ClInclude Include="Day03_Point.h">
      <Filter>소스 파일\Day04</Filter>
    </ClInclude>
    <ClInclude Include="Day03_Rectangle.h">
      <Filter>소스 파일\Day04</Filter>
    </ClInclude>
    <ClInclude Include="Day10_CarTruck.h">
      <Filter>소스 파일\Day10</Filter>
    </ClInclude>
  </ItemGroup>
</Project>