<?xml version="1.0" encoding="utf-8"?>
<Project ToolsVersion="4.0" xmlns="http://schemas.microsoft.com/developer/msbuild/2003">
  <ItemGroup>
    <Filter Include="소스 파일">
      <UniqueIdentifier>{4FC737F1-C7A5-4376-A066-2A32D752A2FF}</UniqueIdentifier>
      <Extensions>cpp;c;cc;cxx;c++;cppm;ixx;def;odl;idl;hpj;bat;asm;asmx</Extensions>
    </Filter>
    <Filter Include="헤더 파일">
      <UniqueIdentifier>{93995380-89BD-4b04-88EB-625FBE52EBFB}</UniqueIdentifier>
      <Extensions>h;hh;hpp;hxx;h++;hm;inl;inc;ipp;xsd</Extensions>
    </Filter>
    <Filter Include="리소스 파일">
      <UniqueIdentifier>{67DA6AB6-F800-4c08-8B7A-83BB121AAD01}</UniqueIdentifier>
      <Extensions>rc;ico;cur;bmp;dlg;rc2;rct;bin;rgs;gif;jpg;jpeg;jpe;resx;tiff;tif;png;wav;mfcribbon-ms</Extensions>
    </Filter>
    <Filter Include="소스 파일\Chap10">
      <UniqueIdentifier>{0ea98102-d55c-40f8-a3ec-703b0b2f53b5}</UniqueIdentifier>
    </Filter>
    <Filter Include="소스 파일\Chap11">
      <UniqueIdentifier>{1a87595a-9a9f-43f4-980e-b87780707eb7}</UniqueIdentifier>
    </Filter>
    <Filter Include="소스 파일\Chap12">
      <UniqueIdentifier>{f81cf351-8617-4428-967b-91ed28934640}</UniqueIdentifier>
    </Filter>
    <Filter Include="소스 파일\Chap13">
      <UniqueIdentifier>{8d419754-f283-4e87-851a-e37c0a0f2dc7}</UniqueIdentifier>
    </Filter>
    <Filter Include="소스 파일\Chap14">
      <UniqueIdentifier>{ce9acb48-22f3-4f52-8d8b-649759952337}</UniqueIdentifier>
    </Filter>
    <Filter Include="소스 파일\Chap15">
      <UniqueIdentifier>{dacca86b-9e23-415d-8268-089077424f7e}</UniqueIdentifier>
    </Filter>
    <Filter Include="소스 파일\Chap16">
      <UniqueIdentifier>{d497edff-c9eb-4e0c-8e25-fa4621e91b7f}</UniqueIdentifier>
    </Filter>
    <Filter Include="소스 파일\Chap17">
      <UniqueIdentifier>{b9a79821-0fa8-427d-9ded-e3b57b82f31e}</UniqueIdentifier>
    </Filter>
  </ItemGroup>
  <ItemGroup>
    <ClCompile Include="Chap10.c">
      <Filter>소스 파일\Chap10</Filter>
    </ClCompile>
    <ClCompile Include="Chap11.c">
      <Filter>소스 파일\Chap11</Filter>
    </ClCompile>
    <ClCompile Include="Chap11-Pointer01.c">
      <Filter>소스 파일\Chap11</Filter>
    </ClCompile>
    <ClCompile Include="Chap11-Pointer02.c">
      <Filter>소스 파일\Chap11</Filter>
    </ClCompile>
    <ClCompile Include="Chap11-ptrnarray01.c">
      <Filter>소스 파일\Chap11</Filter>
    </ClCompile>
    <ClCompile Include="Chap11-ptrstring01.c">
      <Filter>소스 파일\Chap11</Filter>
    </ClCompile>
    <ClCompile Include="Chap11-ptrstring02.c">
      <Filter>소스 파일\Chap11</Filter>
    </ClCompile>
    <ClCompile Include="Chap11-ptrmeminit01.c">
      <Filter>소스 파일\Chap11</Filter>
    </ClCompile>
    <ClCompile Include="Chap11-ptrmalloc01.c">
      <Filter>소스 파일\Chap11</Filter>
    </ClCompile>
    <ClCompile Include="Chap11-ptrmeminit02.c">
      <Filter>소스 파일\Chap11</Filter>
    </ClCompile>
    <ClCompile Include="Chap11-msize.c">
      <Filter>소스 파일\Chap11</Filter>
    </ClCompile>
    <ClCompile Include="Chap11-ptrmemcpy01.c">
      <Filter>소스 파일\Chap11</Filter>
    </ClCompile>
    <ClCompile Include="Chap11-ptrmemcmp01.c">
      <Filter>소스 파일\Chap11</Filter>
    </ClCompile>
    <ClCompile Include="Chap11-ptrstrcmp01.c">
      <Filter>소스 파일\Chap11</Filter>
    </ClCompile>
    <ClCompile Include="Chap11-ptrsearch01.c">
      <Filter>소스 파일\Chap11</Filter>
    </ClCompile>
    <ClCompile Include="Chap11-ptrnarray02.c">
      <Filter>소스 파일\Chap11</Filter>
    </ClCompile>
    <ClCompile Include="Chap11-ptrrealloc01.c">
      <Filter>소스 파일\Chap11</Filter>
    </ClCompile>
    <ClCompile Include="Chap11-badpointer01.c">
      <Filter>소스 파일\Chap11</Filter>
    </ClCompile>
    <ClCompile Include="Chap11-arrayofptr01.c">
      <Filter>소스 파일\Chap11</Filter>
    </ClCompile>
    <ClCompile Include="Chap11-arrayofptr02.c">
      <Filter>소스 파일\Chap11</Filter>
    </ClCompile>
    <ClCompile Include="Chap11-pointer03.c">
      <Filter>소스 파일\Chap11</Filter>
    </ClCompile>
    <ClCompile Include="Chap11-arrayofptr03.c">
      <Filter>소스 파일\Chap11</Filter>
    </ClCompile>
    <ClCompile Include="Chap11-ptrtoarray01.c">
      <Filter>소스 파일\Chap11</Filter>
    </ClCompile>
    <ClCompile Include="Chap11-variable01.c">
      <Filter>소스 파일\Chap11</Filter>
    </ClCompile>
    <ClCompile Include="Chap11-variable02.c">
      <Filter>소스 파일\Chap11</Filter>
    </ClCompile>
    <ClCompile Include="Chap11-variable03.c">
      <Filter>소스 파일\Chap11</Filter>
    </ClCompile>
    <ClCompile Include="Chap12-funccallbyval01.c">
      <Filter>소스 파일\Chap12</Filter>
    </ClCompile>
    <ClCompile Include="Chap12-funccallbyref01.c">
      <Filter>소스 파일\Chap12</Filter>
    </ClCompile>
    <ClCompile Include="Chap12-codedevgood01.c">
      <Filter>소스 파일\Chap12</Filter>
    </ClCompile>
    <ClCompile Include="Chap12-funcswap01.c">
      <Filter>소스 파일\Chap12</Filter>
    </ClCompile>
    <ClCompile Include="Chap12-funcrecstring01.c">
      <Filter>소스 파일\Chap12</Filter>
    </ClCompile>
    <ClCompile Include="Chap12-unicode01.c">
      <Filter>소스 파일\Chap12</Filter>
    </ClCompile>
    <ClCompile Include="Chap12-unicode02.c">
      <Filter>소스 파일\Chap12</Filter>
    </ClCompile>
    <ClCompile Include="Chap13-struct.c">
      <Filter>소스 파일\Chap13</Filter>
    </ClCompile>
    <ClCompile Include="Charp13-structbitfield01.c">
      <Filter>소스 파일\Chap13</Filter>
    </ClCompile>
    <ClCompile Include="Chap13-union01.c">
      <Filter>소스 파일\Chap13</Filter>
    </ClCompile>
    <ClCompile Include="Chap14-FileClose01.c">
      <Filter>소스 파일\Chap14</Filter>
    </ClCompile>
    <ClCompile Include="Chap15-const02.c">
      <Filter>소스 파일\Chap15</Filter>
    </ClCompile>
    <ClCompile Include="Chap15-VLA.c">
      <Filter>소스 파일\Chap15</Filter>
    </ClCompile>
    <ClCompile Include="Chap15-volatile01.c">
      <Filter>소스 파일\Chap15</Filter>
    </ClCompile>
    <ClCompile Include="Chap15-volatile02.c">
      <Filter>소스 파일\Chap15</Filter>
    </ClCompile>
    <ClCompile Include="Chap15-VariableExtern01.c">
      <Filter>소스 파일\Chap15</Filter>
    </ClCompile>
    <ClCompile Include="Chap15-Test.c">
      <Filter>소스 파일\Chap15</Filter>
    </ClCompile>
    <ClCompile Include="Chap15-typedef01.c">
      <Filter>소스 파일\Chap15</Filter>
    </ClCompile>
    <ClCompile Include="Chap15-enum01.c">
      <Filter>소스 파일\Chap15</Filter>
    </ClCompile>
    <ClCompile Include="Chap16-macro01.c">
      <Filter>소스 파일\Chap16</Filter>
    </ClCompile>
    <ClCompile Include="Chap16-macro02.c">
      <Filter>소스 파일\Chap16</Filter>
    </ClCompile>
    <ClCompile Include="Chap16-macro03.c">
      <Filter>소스 파일\Chap16</Filter>
    </ClCompile>
    <ClCompile Include="Chap16-conditional01.c">
      <Filter>소스 파일\Chap16</Filter>
    </ClCompile>
    <ClCompile Include="Chap16-mode.c">
      <Filter>소스 파일\Chap16</Filter>
    </ClCompile>
    <ClCompile Include="Chap17-inline01.c">
      <Filter>소스 파일\Chap17</Filter>
    </ClCompile>
    <ClCompile Include="Chap17-convention03.c">
      <Filter>소스 파일\Chap17</Filter>
    </ClCompile>
    <ClCompile Include="Chap17-convention01.c">
      <Filter>소스 파일\Chap17</Filter>
    </ClCompile>
    <ClCompile Include="Chap17-convention04.c">
      <Filter>소스 파일\Chap17</Filter>
    </ClCompile>
    <ClCompile Include="Chap17-funcptr01.c">
      <Filter>소스 파일\Chap17</Filter>
    </ClCompile>
    <ClCompile Include="Chap17-funcptr02.c">
      <Filter>소스 파일\Chap17</Filter>
    </ClCompile>
    <ClCompile Include="Chap17-callback01.c">
      <Filter>소스 파일\Chap17</Filter>
    </ClCompile>
    <ClCompile Include="Chap17-TestApp.c">
      <Filter>소스 파일\Chap17</Filter>
    </ClCompile>
    <ClCompile Include="Chap17-variableparam01.c">
      <Filter>소스 파일\Chap17</Filter>
    </ClCompile>
  </ItemGroup>
</Project>